
Microsoft Visual Studio Solution File, Format Version 12.00
# Visual Studio Version 16
VisualStudioVersion = 16.0.31205.134
MinimumVisualStudioVersion = 10.0.40219.1
Project("{FAE04EC0-301F-11D3-BF4B-00C04F79EFBC}") = "LessonAsyncAwaitHomeWork1", "LessonAsyncAwaitHomeWork1\LessonAsyncAwaitHomeWork1.csproj", "{86967E15-F23D-4B02-BE4B-A32E38A8F96C}"
EndProject
Project("{FAE04EC0-301F-11D3-BF4B-00C04F79EFBC}") = "LessonAsyncAwaitHomeWork1_v2", "LessonAsyncAwaitHomeWork1_v2\LessonAsyncAwaitHomeWork1_v2.csproj", "{780D2FF5-ED56-4730-BDEA-A387720A4735}"
EndProject
Global
	GlobalSection(SolutionConfigurationPlatforms) = preSolution
		Debug|Any CPU = Debug|Any CPU
		Release|Any CPU = Release|Any CPU
	EndGlobalSection
	GlobalSection(ProjectConfigurationPlatforms) = postSolution
		{86967E15-F23D-4B02-BE4B-A32E38A8F96C}.Debug|Any CPU.ActiveCfg = Debug|Any CPU
		{86967E15-F23D-4B02-BE4B-A32E38A8F96C}.Debug|Any CPU.Build.0 = Debug|Any CPU
		{86967E15-F23D-4B02-BE4B-A32E38A8F96C}.Release|Any CPU.ActiveCfg = Release|Any CPU
		{86967E15-F23D-4B02-BE4B-A32E38A8F96C}.Release|Any CPU.Build.0 = Release|Any CPU
		{780D2FF5-ED56-4730-BDEA-A387720A4735}.Debug|Any CPU.ActiveCfg = Debug|Any CPU
		{780D2FF5-ED56-4730-BDEA-A387720A4735}.Debug|Any CPU.Build.0 = Debug|Any CPU
		{780D2FF5-ED56-4730-BDEA-A387720A4735}.Release|Any CPU.ActiveCfg = Release|Any CPU
		{780D2FF5-ED56-4730-BDEA-A387720A4735}.Release|Any CPU.Build.0 = Release|Any CPU
	EndGlobalSection
	GlobalSection(SolutionProperties) = preSolution
		HideSolutionNode = FALSE
	EndGlobalSection
	GlobalSection(ExtensibilityGlobals) = postSolution
		SolutionGuid = {225625BE-6D7D-4773-AF60-12CD096A37F3}
	EndGlobalSection
EndGlobal
